// !$*UTF8*$!
{
	archiveVersion = 1;
	classes = {
	};
	objectVersion = 56;
	objects = {

/* Begin PBXBuildFile section */
		3F199E5D2A7DFA6E001502EA /* FoodDetailSheet.swift in Sources */ = {isa = PBXBuildFile; fileRef = 3F199E5C2A7DFA6E001502EA /* FoodDetailSheet.swift */; };
		3F199E5F2A7DFAE8001502EA /* Sheet.swift in Sources */ = {isa = PBXBuildFile; fileRef = 3F199E5E2A7DFAE8001502EA /* Sheet.swift */; };
		3F199E622A7DFDDD001502EA /* SFSymbol.swift in Sources */ = {isa = PBXBuildFile; fileRef = 3F199E612A7DFDDD001502EA /* SFSymbol.swift */; };
		3F199E642A7E14A4001502EA /* View+.swift in Sources */ = {isa = PBXBuildFile; fileRef = 3F199E632A7E14A4001502EA /* View+.swift */; };
		3F199E662A7E14C0001502EA /* Animation+.swift in Sources */ = {isa = PBXBuildFile; fileRef = 3F199E652A7E14C0001502EA /* Animation+.swift */; };
		3F199E682A7E14EE001502EA /* ShapeStyle+.swift in Sources */ = {isa = PBXBuildFile; fileRef = 3F199E672A7E14EE001502EA /* ShapeStyle+.swift */; };
		3F199E6A2A7E1520001502EA /* AnyTransition+.swift in Sources */ = {isa = PBXBuildFile; fileRef = 3F199E692A7E1520001502EA /* AnyTransition+.swift */; };
		3F199E6C2A7E153C001502EA /* AnyLayout+.swift in Sources */ = {isa = PBXBuildFile; fileRef = 3F199E6B2A7E153C001502EA /* AnyLayout+.swift */; };
		3F5CDBE929EC17870081274D /* AppEntry.swift in Sources */ = {isa = PBXBuildFile; fileRef = 3F5CDBE829EC17870081274D /* AppEntry.swift */; };
		3F5CDBEB29EC17870081274D /* FoodPickerScreen.swift in Sources */ = {isa = PBXBuildFile; fileRef = 3F5CDBEA29EC17870081274D /* FoodPickerScreen.swift */; };
		3F5CDBED29EC17880081274D /* Assets.xcassets in Resources */ = {isa = PBXBuildFile; fileRef = 3F5CDBEC29EC17880081274D /* Assets.xcassets */; };
		3F5CDBF029EC17880081274D /* Preview Assets.xcassets in Resources */ = {isa = PBXBuildFile; fileRef = 3F5CDBEF29EC17880081274D /* Preview Assets.xcassets */; };
		3F6C7DC22A3F0B49001156AE /* SuffixWrapper.swift in Sources */ = {isa = PBXBuildFile; fileRef = 3F6C7DC12A3F0B49001156AE /* SuffixWrapper.swift */; };
		3F6C7DC42A3F0D72001156AE /* ShapeStyleView.swift in Sources */ = {isa = PBXBuildFile; fileRef = 3F6C7DC32A3F0D72001156AE /* ShapeStyleView.swift */; };
		3F8A6D792A5A8F35001DCA95 /* FoodListScreen.swift in Sources */ = {isa = PBXBuildFile; fileRef = 3F8A6D782A5A8F35001DCA95 /* FoodListScreen.swift */; };
		3FC9B7E62A63A83A000FA9FA /* FoodForm.swift in Sources */ = {isa = PBXBuildFile; fileRef = 3FC9B7E52A63A83A000FA9FA /* FoodForm.swift */; };
		3FE810D92A3D538B00F6B774 /* Food.swift in Sources */ = {isa = PBXBuildFile; fileRef = 3FE810D82A3D538B00F6B774 /* Food.swift */; };
		3FE810DB2A3D64E800F6B774 /* PreviewDevice+.swift in Sources */ = {isa = PBXBuildFile; fileRef = 3FE810DA2A3D64E800F6B774 /* PreviewDevice+.swift */; };
/* End PBXBuildFile section */

/* Begin PBXFileReference section */
		3F199E5C2A7DFA6E001502EA /* FoodDetailSheet.swift */ = {isa = PBXFileReference; lastKnownFileType = sourcecode.swift; path = FoodDetailSheet.swift; sourceTree = "<group>"; };
		3F199E5E2A7DFAE8001502EA /* Sheet.swift */ = {isa = PBXFileReference; lastKnownFileType = sourcecode.swift; path = Sheet.swift; sourceTree = "<group>"; };
		3F199E612A7DFDDD001502EA /* SFSymbol.swift */ = {isa = PBXFileReference; lastKnownFileType = sourcecode.swift; path = SFSymbol.swift; sourceTree = "<group>"; };
		3F199E632A7E14A4001502EA /* View+.swift */ = {isa = PBXFileReference; lastKnownFileType = sourcecode.swift; path = "View+.swift"; sourceTree = "<group>"; };
		3F199E652A7E14C0001502EA /* Animation+.swift */ = {isa = PBXFileReference; lastKnownFileType = sourcecode.swift; path = "Animation+.swift"; sourceTree = "<group>"; };
		3F199E672A7E14EE001502EA /* ShapeStyle+.swift */ = {isa = PBXFileReference; lastKnownFileType = sourcecode.swift; path = "ShapeStyle+.swift"; sourceTree = "<group>"; };
		3F199E692A7E1520001502EA /* AnyTransition+.swift */ = {isa = PBXFileReference; lastKnownFileType = sourcecode.swift; path = "AnyTransition+.swift"; sourceTree = "<group>"; };
		3F199E6B2A7E153C001502EA /* AnyLayout+.swift */ = {isa = PBXFileReference; lastKnownFileType = sourcecode.swift; path = "AnyLayout+.swift"; sourceTree = "<group>"; };
		3F5CDBE529EC17870081274D /* FoodPicker.app */ = {isa = PBXFileReference; explicitFileType = wrapper.application; includeInIndex = 0; path = FoodPicker.app; sourceTree = BUILT_PRODUCTS_DIR; };
		3F5CDBE829EC17870081274D /* AppEntry.swift */ = {isa = PBXFileReference; lastKnownFileType = sourcecode.swift; path = AppEntry.swift; sourceTree = "<group>"; };
		3F5CDBEA29EC17870081274D /* FoodPickerScreen.swift */ = {isa = PBXFileReference; lastKnownFileType = sourcecode.swift; path = FoodPickerScreen.swift; sourceTree = "<group>"; };
		3F5CDBEC29EC17880081274D /* Assets.xcassets */ = {isa = PBXFileReference; lastKnownFileType = folder.assetcatalog; path = Assets.xcassets; sourceTree = "<group>"; };
		3F5CDBEF29EC17880081274D /* Preview Assets.xcassets */ = {isa = PBXFileReference; lastKnownFileType = folder.assetcatalog; path = "Preview Assets.xcassets"; sourceTree = "<group>"; };
		3F6C7DC12A3F0B49001156AE /* SuffixWrapper.swift */ = {isa = PBXFileReference; lastKnownFileType = sourcecode.swift; path = SuffixWrapper.swift; sourceTree = "<group>"; };
		3F6C7DC32A3F0D72001156AE /* ShapeStyleView.swift */ = {isa = PBXFileReference; lastKnownFileType = sourcecode.swift; path = ShapeStyleView.swift; sourceTree = "<group>"; };
		3F8A6D782A5A8F35001DCA95 /* FoodListScreen.swift */ = {isa = PBXFileReference; lastKnownFileType = sourcecode.swift; path = FoodListScreen.swift; sourceTree = "<group>"; };
		3FC9B7E52A63A83A000FA9FA /* FoodForm.swift */ = {isa = PBXFileReference; lastKnownFileType = sourcecode.swift; path = FoodForm.swift; sourceTree = "<group>"; };
		3FE810D82A3D538B00F6B774 /* Food.swift */ = {isa = PBXFileReference; lastKnownFileType = sourcecode.swift; path = Food.swift; sourceTree = "<group>"; };
		3FE810DA2A3D64E800F6B774 /* PreviewDevice+.swift */ = {isa = PBXFileReference; lastKnownFileType = sourcecode.swift; path = "PreviewDevice+.swift"; sourceTree = "<group>"; };
/* End PBXFileReference section */

/* Begin PBXFrameworksBuildPhase section */
		3F5CDBE229EC17870081274D /* Frameworks */ = {
			isa = PBXFrameworksBuildPhase;
			buildActionMask = 2147483647;
			files = (
			);
			runOnlyForDeploymentPostprocessing = 0;
		};
/* End PBXFrameworksBuildPhase section */

/* Begin PBXGroup section */
		3F199E542A7DF588001502EA /* Screen */ = {
			isa = PBXGroup;
			children = (
				3F199E592A7DF82F001502EA /* FoodPicker */,
				3F199E582A7DF814001502EA /* FoodList */,
			);
			path = Screen;
			sourceTree = "<group>";
		};
		3F199E552A7DF6D2001502EA /* Model */ = {
			isa = PBXGroup;
			children = (
				3FE810D82A3D538B00F6B774 /* Food.swift */,
			);
			path = Model;
			sourceTree = "<group>";
		};
		3F199E562A7DF6EA001502EA /* Extension */ = {
			isa = PBXGroup;
			children = (
				3FE810DA2A3D64E800F6B774 /* PreviewDevice+.swift */,
				3F199E632A7E14A4001502EA /* View+.swift */,
				3F199E652A7E14C0001502EA /* Animation+.swift */,
				3F199E672A7E14EE001502EA /* ShapeStyle+.swift */,
				3F199E692A7E1520001502EA /* AnyTransition+.swift */,
				3F199E6B2A7E153C001502EA /* AnyLayout+.swift */,
			);
			path = Extension;
			sourceTree = "<group>";
		};
		3F199E572A7DF723001502EA /* Resource */ = {
			isa = PBXGroup;
			children = (
				3F5CDBEC29EC17880081274D /* Assets.xcassets */,
			);
			path = Resource;
			sourceTree = "<group>";
		};
		3F199E582A7DF814001502EA /* FoodList */ = {
			isa = PBXGroup;
			children = (
				3F199E5A2A7DF850001502EA /* View */,
				3F8A6D782A5A8F35001DCA95 /* FoodListScreen.swift */,
			);
			path = FoodList;
			sourceTree = "<group>";
		};
		3F199E592A7DF82F001502EA /* FoodPicker */ = {
			isa = PBXGroup;
			children = (
				3F5CDBEA29EC17870081274D /* FoodPickerScreen.swift */,
			);
			path = FoodPicker;
			sourceTree = "<group>";
		};
		3F199E5A2A7DF850001502EA /* View */ = {
			isa = PBXGroup;
			children = (
				3FC9B7E52A63A83A000FA9FA /* FoodForm.swift */,
				3F199E5C2A7DFA6E001502EA /* FoodDetailSheet.swift */,
				3F199E5E2A7DFAE8001502EA /* Sheet.swift */,
			);
			path = View;
			sourceTree = "<group>";
		};
		3F199E5B2A7DF8CA001502EA /* Utils */ = {
			isa = PBXGroup;
			children = (
				3F6C7DC32A3F0D72001156AE /* ShapeStyleView.swift */,
				3F6C7DC12A3F0B49001156AE /* SuffixWrapper.swift */,
			);
			path = Utils;
			sourceTree = "<group>";
		};
		3F199E602A7DFDBA001502EA /* Constant */ = {
			isa = PBXGroup;
			children = (
				3F199E612A7DFDDD001502EA /* SFSymbol.swift */,
			);
			path = Constant;
			sourceTree = "<group>";
		};
		3F5CDBDC29EC17870081274D = {
			isa = PBXGroup;
			children = (
				3F5CDBE729EC17870081274D /* FoodPicker */,
				3F5CDBE629EC17870081274D /* Products */,
			);
			sourceTree = "<group>";
		};
		3F5CDBE629EC17870081274D /* Products */ = {
			isa = PBXGroup;
			children = (
				3F5CDBE529EC17870081274D /* FoodPicker.app */,
			);
			name = Products;
			sourceTree = "<group>";
		};
		3F5CDBE729EC17870081274D /* FoodPicker */ = {
			isa = PBXGroup;
			children = (
				3F5CDBE829EC17870081274D /* AppEntry.swift */,
				3F199E562A7DF6EA001502EA /* Extension */,
				3F199E552A7DF6D2001502EA /* Model */,
				3F5CDBEE29EC17880081274D /* Preview Content */,
				3F199E572A7DF723001502EA /* Resource */,
				3F199E542A7DF588001502EA /* Screen */,
				3F199E5B2A7DF8CA001502EA /* Utils */,
				3F199E602A7DFDBA001502EA /* Constant */,
			);
			path = FoodPicker;
			sourceTree = "<group>";
		};
		3F5CDBEE29EC17880081274D /* Preview Content */ = {
			isa = PBXGroup;
			children = (
				3F5CDBEF29EC17880081274D /* Preview Assets.xcassets */,
			);
			path = "Preview Content";
			sourceTree = "<group>";
		};
/* End PBXGroup section */

/* Begin PBXNativeTarget section */
		3F5CDBE429EC17870081274D /* FoodPicker */ = {
			isa = PBXNativeTarget;
			buildConfigurationList = 3F5CDBF329EC17880081274D /* Build configuration list for PBXNativeTarget "FoodPicker" */;
			buildPhases = (
				3F5CDBE129EC17870081274D /* Sources */,
				3F5CDBE229EC17870081274D /* Frameworks */,
				3F5CDBE329EC17870081274D /* Resources */,
			);
			buildRules = (
			);
			dependencies = (
			);
			name = FoodPicker;
			productName = FoodPicker;
			productReference = 3F5CDBE529EC17870081274D /* FoodPicker.app */;
			productType = "com.apple.product-type.application";
		};
/* End PBXNativeTarget section */

/* Begin PBXProject section */
		3F5CDBDD29EC17870081274D /* Project object */ = {
			isa = PBXProject;
			attributes = {
				BuildIndependentTargetsInParallel = 1;
				LastSwiftUpdateCheck = 1430;
				LastUpgradeCheck = 1430;
				TargetAttributes = {
					3F5CDBE429EC17870081274D = {
						CreatedOnToolsVersion = 14.3;
					};
				};
			};
			buildConfigurationList = 3F5CDBE029EC17870081274D /* Build configuration list for PBXProject "FoodPicker" */;
			compatibilityVersion = "Xcode 14.0";
			developmentRegion = en;
			hasScannedForEncodings = 0;
			knownRegions = (
				en,
				Base,
			);
			mainGroup = 3F5CDBDC29EC17870081274D;
			productRefGroup = 3F5CDBE629EC17870081274D /* Products */;
			projectDirPath = "";
			projectRoot = "";
			targets = (
				3F5CDBE429EC17870081274D /* FoodPicker */,
			);
		};
/* End PBXProject section */

/* Begin PBXResourcesBuildPhase section */
		3F5CDBE329EC17870081274D /* Resources */ = {
			isa = PBXResourcesBuildPhase;
			buildActionMask = 2147483647;
			files = (
				3F5CDBF029EC17880081274D /* Preview Assets.xcassets in Resources */,
				3F5CDBED29EC17880081274D /* Assets.xcassets in Resources */,
			);
			runOnlyForDeploymentPostprocessing = 0;
		};
/* End PBXResourcesBuildPhase section */

/* Begin PBXSourcesBuildPhase section */
		3F5CDBE129EC17870081274D /* Sources */ = {
			isa = PBXSourcesBuildPhase;
			buildActionMask = 2147483647;
			files = (
				3F199E662A7E14C0001502EA /* Animation+.swift in Sources */,
				3F6C7DC22A3F0B49001156AE /* SuffixWrapper.swift in Sources */,
				3FE810DB2A3D64E800F6B774 /* PreviewDevice+.swift in Sources */,
				3F5CDBEB29EC17870081274D /* FoodPickerScreen.swift in Sources */,
				3F199E5D2A7DFA6E001502EA /* FoodDetailSheet.swift in Sources */,
				3F6C7DC42A3F0D72001156AE /* ShapeStyleView.swift in Sources */,
				3F199E5F2A7DFAE8001502EA /* Sheet.swift in Sources */,
				3FC9B7E62A63A83A000FA9FA /* FoodForm.swift in Sources */,
				3F199E642A7E14A4001502EA /* View+.swift in Sources */,
				3F199E6C2A7E153C001502EA /* AnyLayout+.swift in Sources */,
				3F199E682A7E14EE001502EA /* ShapeStyle+.swift in Sources */,
				3F199E622A7DFDDD001502EA /* SFSymbol.swift in Sources */,
				3F8A6D792A5A8F35001DCA95 /* FoodListScreen.swift in Sources */,
				3F199E6A2A7E1520001502EA /* AnyTransition+.swift in Sources */,
				3F5CDBE929EC17870081274D /* AppEntry.swift in Sources */,
				3FE810D92A3D538B00F6B774 /* Food.swift in Sources */,
			);
			runOnlyForDeploymentPostprocessing = 0;
		};
/* End PBXSourcesBuildPhase section */

/* Begin XCBuildConfiguration section */
		3F5CDBF129EC17880081274D /* Debug */ = {
			isa = XCBuildConfiguration;
			buildSettings = {
				ALWAYS_SEARCH_USER_PATHS = NO;
				CLANG_ANALYZER_NONNULL = YES;
				CLANG_ANALYZER_NUMBER_OBJECT_CONVERSION = YES_AGGRESSIVE;
				CLANG_CXX_LANGUAGE_STANDARD = "gnu++20";
				CLANG_ENABLE_MODULES = YES;
				CLANG_ENABLE_OBJC_ARC = YES;
				CLANG_ENABLE_OBJC_WEAK = YES;
				CLANG_WARN_BLOCK_CAPTURE_AUTORELEASING = YES;
				CLANG_WARN_BOOL_CONVERSION = YES;
				CLANG_WARN_COMMA = YES;
				CLANG_WARN_CONSTANT_CONVERSION = YES;
				CLANG_WARN_DEPRECATED_OBJC_IMPLEMENTATIONS = YES;
				CLANG_WARN_DIRECT_OBJC_ISA_USAGE = YES_ERROR;
				CLANG_WARN_DOCUMENTATION_COMMENTS = YES;
				CLANG_WARN_EMPTY_BODY = YES;
				CLANG_WARN_ENUM_CONVERSION = YES;
				CLANG_WARN_INFINITE_RECURSION = YES;
				CLANG_WARN_INT_CONVERSION = YES;
				CLANG_WARN_NON_LITERAL_NULL_CONVERSION = YES;
				CLANG_WARN_OBJC_IMPLICIT_RETAIN_SELF = YES;
				CLANG_WARN_OBJC_LITERAL_CONVERSION = YES;
				CLANG_WARN_OBJC_ROOT_CLASS = YES_ERROR;
				CLANG_WARN_QUOTED_INCLUDE_IN_FRAMEWORK_HEADER = YES;
				CLANG_WARN_RANGE_LOOP_ANALYSIS = YES;
				CLANG_WARN_STRICT_PROTOTYPES = YES;
				CLANG_WARN_SUSPICIOUS_MOVE = YES;
				CLANG_WARN_UNGUARDED_AVAILABILITY = YES_AGGRESSIVE;
				CLANG_WARN_UNREACHABLE_CODE = YES;
				CLANG_WARN__DUPLICATE_METHOD_MATCH = YES;
				COPY_PHASE_STRIP = NO;
				DEBUG_INFORMATION_FORMAT = dwarf;
				ENABLE_STRICT_OBJC_MSGSEND = YES;
				ENABLE_TESTABILITY = YES;
				GCC_C_LANGUAGE_STANDARD = gnu11;
				GCC_DYNAMIC_NO_PIC = NO;
				GCC_NO_COMMON_BLOCKS = YES;
				GCC_OPTIMIZATION_LEVEL = 0;
				GCC_PREPROCESSOR_DEFINITIONS = (
					"DEBUG=1",
					"$(inherited)",
				);
				GCC_WARN_64_TO_32_BIT_CONVERSION = YES;
				GCC_WARN_ABOUT_RETURN_TYPE = YES_ERROR;
				GCC_WARN_UNDECLARED_SELECTOR = YES;
				GCC_WARN_UNINITIALIZED_AUTOS = YES_AGGRESSIVE;
				GCC_WARN_UNUSED_FUNCTION = YES;
				GCC_WARN_UNUSED_VARIABLE = YES;
				IPHONEOS_DEPLOYMENT_TARGET = 16.0;
				MTL_ENABLE_DEBUG_INFO = INCLUDE_SOURCE;
				MTL_FAST_MATH = YES;
				ONLY_ACTIVE_ARCH = YES;
				SDKROOT = iphoneos;
				SWIFT_ACTIVE_COMPILATION_CONDITIONS = DEBUG;
				SWIFT_OPTIMIZATION_LEVEL = "-Onone";
			};
			name = Debug;
		};
		3F5CDBF229EC17880081274D /* Release */ = {
			isa = XCBuildConfiguration;
			buildSettings = {
				ALWAYS_SEARCH_USER_PATHS = NO;
				CLANG_ANALYZER_NONNULL = YES;
				CLANG_ANALYZER_NUMBER_OBJECT_CONVERSION = YES_AGGRESSIVE;
				CLANG_CXX_LANGUAGE_STANDARD = "gnu++20";
				CLANG_ENABLE_MODULES = YES;
				CLANG_ENABLE_OBJC_ARC = YES;
				CLANG_ENABLE_OBJC_WEAK = YES;
				CLANG_WARN_BLOCK_CAPTURE_AUTORELEASING = YES;
				CLANG_WARN_BOOL_CONVERSION = YES;
				CLANG_WARN_COMMA = YES;
				CLANG_WARN_CONSTANT_CONVERSION = YES;
				CLANG_WARN_DEPRECATED_OBJC_IMPLEMENTATIONS = YES;
				CLANG_WARN_DIRECT_OBJC_ISA_USAGE = YES_ERROR;
				CLANG_WARN_DOCUMENTATION_COMMENTS = YES;
				CLANG_WARN_EMPTY_BODY = YES;
				CLANG_WARN_ENUM_CONVERSION = YES;
				CLANG_WARN_INFINITE_RECURSION = YES;
				CLANG_WARN_INT_CONVERSION = YES;
				CLANG_WARN_NON_LITERAL_NULL_CONVERSION = YES;
				CLANG_WARN_OBJC_IMPLICIT_RETAIN_SELF = YES;
				CLANG_WARN_OBJC_LITERAL_CONVERSION = YES;
				CLANG_WARN_OBJC_ROOT_CLASS = YES_ERROR;
				CLANG_WARN_QUOTED_INCLUDE_IN_FRAMEWORK_HEADER = YES;
				CLANG_WARN_RANGE_LOOP_ANALYSIS = YES;
				CLANG_WARN_STRICT_PROTOTYPES = YES;
				CLANG_WARN_SUSPICIOUS_MOVE = YES;
				CLANG_WARN_UNGUARDED_AVAILABILITY = YES_AGGRESSIVE;
				CLANG_WARN_UNREACHABLE_CODE = YES;
				CLANG_WARN__DUPLICATE_METHOD_MATCH = YES;
				COPY_PHASE_STRIP = NO;
				DEBUG_INFORMATION_FORMAT = "dwarf-with-dsym";
				ENABLE_NS_ASSERTIONS = NO;
				ENABLE_STRICT_OBJC_MSGSEND = YES;
				GCC_C_LANGUAGE_STANDARD = gnu11;
				GCC_NO_COMMON_BLOCKS = YES;
				GCC_WARN_64_TO_32_BIT_CONVERSION = YES;
				GCC_WARN_ABOUT_RETURN_TYPE = YES_ERROR;
				GCC_WARN_UNDECLARED_SELECTOR = YES;
				GCC_WARN_UNINITIALIZED_AUTOS = YES_AGGRESSIVE;
				GCC_WARN_UNUSED_FUNCTION = YES;
				GCC_WARN_UNUSED_VARIABLE = YES;
				IPHONEOS_DEPLOYMENT_TARGET = 16.0;
				MTL_ENABLE_DEBUG_INFO = NO;
				MTL_FAST_MATH = YES;
				SDKROOT = iphoneos;
				SWIFT_COMPILATION_MODE = wholemodule;
				SWIFT_OPTIMIZATION_LEVEL = "-O";
				VALIDATE_PRODUCT = YES;
			};
			name = Release;
		};
		3F5CDBF429EC17880081274D /* Debug */ = {
			isa = XCBuildConfiguration;
			buildSettings = {
				ASSETCATALOG_COMPILER_APPICON_NAME = AppIcon;
				ASSETCATALOG_COMPILER_GLOBAL_ACCENT_COLOR_NAME = AccentColor;
				CODE_SIGN_STYLE = Automatic;
				CURRENT_PROJECT_VERSION = 1;
				DEVELOPMENT_ASSET_PATHS = "\"FoodPicker/Preview Content\"";
				DEVELOPMENT_TEAM = G33MN8M2BW;
				ENABLE_PREVIEWS = YES;
				GENERATE_INFOPLIST_FILE = YES;
				INFOPLIST_KEY_UIApplicationSceneManifest_Generation = YES;
				INFOPLIST_KEY_UIApplicationSupportsIndirectInputEvents = YES;
				INFOPLIST_KEY_UILaunchScreen_Generation = YES;
				INFOPLIST_KEY_UISupportedInterfaceOrientations_iPad = "UIInterfaceOrientationPortrait UIInterfaceOrientationPortraitUpsideDown UIInterfaceOrientationLandscapeLeft UIInterfaceOrientationLandscapeRight";
				INFOPLIST_KEY_UISupportedInterfaceOrientations_iPhone = "UIInterfaceOrientationPortrait UIInterfaceOrientationLandscapeLeft UIInterfaceOrientationLandscapeRight";
				IPHONEOS_DEPLOYMENT_TARGET = 16.0;
				LD_RUNPATH_SEARCH_PATHS = (
					"$(inherited)",
					"@executable_path/Frameworks",
				);
				MARKETING_VERSION = 1.0;
				PRODUCT_BUNDLE_IDENTIFIER = com.sunyazhou.FoodPicker;
				PRODUCT_NAME = "$(TARGET_NAME)";
				SWIFT_EMIT_LOC_STRINGS = YES;
				SWIFT_VERSION = 5.0;
				TARGETED_DEVICE_FAMILY = "1,2";
			};
			name = Debug;
		};
		3F5CDBF529EC17880081274D /* Release */ = {
			isa = XCBuildConfiguration;
			buildSettings = {
				ASSETCATALOG_COMPILER_APPICON_NAME = AppIcon;
				ASSETCATALOG_COMPILER_GLOBAL_ACCENT_COLOR_NAME = AccentColor;
				CODE_SIGN_STYLE = Automatic;
				CURRENT_PROJECT_VERSION = 1;
				DEVELOPMENT_ASSET_PATHS = "\"FoodPicker/Preview Content\"";
				DEVELOPMENT_TEAM = G33MN8M2BW;
				ENABLE_PREVIEWS = YES;
				GENERATE_INFOPLIST_FILE = YES;
				INFOPLIST_KEY_UIApplicationSceneManifest_Generation = YES;
				INFOPLIST_KEY_UIApplicationSupportsIndirectInputEvents = YES;
				INFOPLIST_KEY_UILaunchScreen_Generation = YES;
				INFOPLIST_KEY_UISupportedInterfaceOrientations_iPad = "UIInterfaceOrientationPortrait UIInterfaceOrientationPortraitUpsideDown UIInterfaceOrientationLandscapeLeft UIInterfaceOrientationLandscapeRight";
				INFOPLIST_KEY_UISupportedInterfaceOrientations_iPhone = "UIInterfaceOrientationPortrait UIInterfaceOrientationLandscapeLeft UIInterfaceOrientationLandscapeRight";
				IPHONEOS_DEPLOYMENT_TARGET = 16.0;
				LD_RUNPATH_SEARCH_PATHS = (
					"$(inherited)",
					"@executable_path/Frameworks",
				);
				MARKETING_VERSION = 1.0;
				PRODUCT_BUNDLE_IDENTIFIER = com.sunyazhou.FoodPicker;
				PRODUCT_NAME = "$(TARGET_NAME)";
				SWIFT_EMIT_LOC_STRINGS = YES;
				SWIFT_VERSION = 5.0;
				TARGETED_DEVICE_FAMILY = "1,2";
			};
			name = Release;
		};
/* End XCBuildConfiguration section */

/* Begin XCConfigurationList section */
		3F5CDBE029EC17870081274D /* Build configuration list for PBXProject "FoodPicker" */ = {
			isa = XCConfigurationList;
			buildConfigurations = (
				3F5CDBF129EC17880081274D /* Debug */,
				3F5CDBF229EC17880081274D /* Release */,
			);
			defaultConfigurationIsVisible = 0;
			defaultConfigurationName = Release;
		};
		3F5CDBF329EC17880081274D /* Build configuration list for PBXNativeTarget "FoodPicker" */ = {
			isa = XCConfigurationList;
			buildConfigurations = (
				3F5CDBF429EC17880081274D /* Debug */,
				3F5CDBF529EC17880081274D /* Release */,
			);
			defaultConfigurationIsVisible = 0;
			defaultConfigurationName = Release;
		};
/* End XCConfigurationList section */
	};
	rootObject = 3F5CDBDD29EC17870081274D /* Project object */;
}
